<?xml version="1.0" encoding="utf-8"?>
<Project ToolsVersion="4.0" xmlns="http://schemas.microsoft.com/developer/msbuild/2003">
  <ItemGroup>
    <Filter Include="Header Files">
      <UniqueIdentifier>{93995380-89BD-4b04-88EB-625FBE52EBFB}</UniqueIdentifier>
      <Extensions>h;hh;hpp;hxx;h++;hm;inl;inc;ipp;xsd</Extensions>
    </Filter>
    <Filter Include="Resource Files">
      <UniqueIdentifier>{67DA6AB6-F800-4c08-8B7A-83BB121AAD01}</UniqueIdentifier>
      <Extensions>rc;ico;cur;bmp;dlg;rc2;rct;bin;rgs;gif;jpg;jpeg;jpe;resx;tiff;tif;png;wav;mfcribbon-ms</Extensions>
    </Filter>
  </ItemGroup>
  <ItemGroup>
    <ClCompile Include="Takeaway.cpp" />
    <ClCompile Include="Beverage.cpp" />
    <ClCompile Include="Appetiser.cpp" />
    <ClCompile Include="MainCourse.cpp" />
    <ClCompile Include="Item.cpp" />
    <ClCompile Include="ItemList.cpp" />
    <ClCompile Include="Menu.cpp" />
    <ClCompile Include="Order.cpp" />
  </ItemGroup>
  <ItemGroup>
    <ClInclude Include="Beverage.h">
      <Filter>Header Files</Filter>
    </ClInclude>
    <ClInclude Include="Appetiser.h">
      <Filter>Header Files</Filter>
    </ClInclude>
    <ClInclude Include="MainCourse.h">
      <Filter>Header Files</Filter>
    </ClInclude>
    <ClInclude Include="Item.h">
      <Filter>Header Files</Filter>
    </ClInclude>
    <ClInclude Include="ItemList.h">
      <Filter>Header Files</Filter>
    </ClInclude>
    <ClInclude Include="Menu.h">
      <Filter>Header Files</Filter>
    </ClInclude>
    <ClInclude Include="Order.h">
      <Filter>Header Files</Filter>
    </ClInclude>
  </ItemGroup>
</Project>